
Microsoft Visual Studio Solution File, Format Version 12.00
# Visual Studio Version 17
VisualStudioVersion = 17.14.36408.4 d17.14
MinimumVisualStudioVersion = 10.0.40219.1
Project("{FAE04EC0-301F-11D3-BF4B-00C04F79EFBC}") = "WindowsFormsApp3", "WindowsFormsApp3\WindowsFormsApp3.csproj", "{4487226A-160E-45C2-BEB2-34AD42144E02}"
EndProject
Global
	GlobalSection(SolutionConfigurationPlatforms) = preSolution
		Debug|Any CPU = Debug|Any CPU
		Release|Any CPU = Release|Any CPU
	EndGlobalSection
	GlobalSection(ProjectConfigurationPlatforms) = postSolution
		{4487226A-160E-45C2-BEB2-34AD42144E02}.Debug|Any CPU.ActiveCfg = Debug|Any CPU
		{4487226A-160E-45C2-BEB2-34AD42144E02}.Debug|Any CPU.Build.0 = Debug|Any CPU
		{4487226A-160E-45C2-BEB2-34AD42144E02}.Release|Any CPU.ActiveCfg = Release|Any CPU
		{4487226A-160E-45C2-BEB2-34AD42144E02}.Release|Any CPU.Build.0 = Release|Any CPU
	EndGlobalSection
	GlobalSection(SolutionProperties) = preSolution
		HideSolutionNode = FALSE
	EndGlobalSection
	GlobalSection(ExtensibilityGlobals) = postSolution
		SolutionGuid = {B0DB3737-1500-4A9F-8D3A-58D5A2BD6BA4}
	EndGlobalSection
EndGlobal
